
Microsoft Visual Studio Solution File, Format Version 12.00
# Visual Studio Version 17
VisualStudioVersion = 17.5.002.0
MinimumVisualStudioVersion = 10.0.40219.1
Project("{9A19103F-16F7-4668-BE54-9A1E7A4F7556}") = "Neptune.Web", "Neptune.Web.csproj", "{3BF14ABE-1D9F-4F8D-A656-D21BDA7E7351}"
EndProject
Global
	GlobalSection(SolutionConfigurationPlatforms) = preSolution
		Debug|Any CPU = Debug|Any CPU
		Release|Any CPU = Release|Any CPU
	EndGlobalSection
	GlobalSection(ProjectConfigurationPlatforms) = postSolution
		{3BF14ABE-1D9F-4F8D-A656-D21BDA7E7351}.Debug|Any CPU.ActiveCfg = Debug|Any CPU
		{3BF14ABE-1D9F-4F8D-A656-D21BDA7E7351}.Debug|Any CPU.Build.0 = Debug|Any CPU
		{3BF14ABE-1D9F-4F8D-A656-D21BDA7E7351}.Release|Any CPU.ActiveCfg = Release|Any CPU
		{3BF14ABE-1D9F-4F8D-A656-D21BDA7E7351}.Release|Any CPU.Build.0 = Release|Any CPU
	EndGlobalSection
	GlobalSection(SolutionProperties) = preSolution
		HideSolutionNode = FALSE
	EndGlobalSection
	GlobalSection(ExtensibilityGlobals) = postSolution
		SolutionGuid = {7067F41B-DE3E-4D45-8295-85C679B4C7A6}
	EndGlobalSection
EndGlobal
